
Microsoft Visual Studio Solution File, Format Version 12.00
# Visual Studio 15
VisualStudioVersion = 15.0.27428.2037
MinimumVisualStudioVersion = 10.0.40219.1
Project("{FAE04EC0-301F-11D3-BF4B-00C04F79EFBC}") = "RocketMqProject", "RocketMqProject\RocketMqProject.csproj", "{80A77E5F-5A4A-40E5-9674-7DC37E8DA95E}"
EndProject
Global
	GlobalSection(SolutionConfigurationPlatforms) = preSolution
		Debug|Any CPU = Debug|Any CPU
		Release|Any CPU = Release|Any CPU
	EndGlobalSection
	GlobalSection(ProjectConfigurationPlatforms) = postSolution
		{80A77E5F-5A4A-40E5-9674-7DC37E8DA95E}.Debug|Any CPU.ActiveCfg = Debug|Any CPU
		{80A77E5F-5A4A-40E5-9674-7DC37E8DA95E}.Debug|Any CPU.Build.0 = Debug|Any CPU
		{80A77E5F-5A4A-40E5-9674-7DC37E8DA95E}.Release|Any CPU.ActiveCfg = Release|Any CPU
		{80A77E5F-5A4A-40E5-9674-7DC37E8DA95E}.Release|Any CPU.Build.0 = Release|Any CPU
	EndGlobalSection
	GlobalSection(SolutionProperties) = preSolution
		HideSolutionNode = FALSE
	EndGlobalSection
	GlobalSection(ExtensibilityGlobals) = postSolution
		SolutionGuid = {10B1FBF8-94C7-4B77-AF6F-45212A30735B}
	EndGlobalSection
EndGlobal
