
Microsoft Visual Studio Solution File, Format Version 12.00
# Visual Studio 15
VisualStudioVersion = 15.0.27428.2027
MinimumVisualStudioVersion = 10.0.40219.1
Project("{A07B5EB6-E848-4116-A8D0-A826331D98C6}") = "Voting", "Voting\Voting.sfproj", "{A8AB9913-94B8-4EB2-8681-3947C63E3217}"
EndProject
Project("{FAE04EC0-301F-11D3-BF4B-00C04F79EFBC}") = "VotingWeb", "VotingWeb\VotingWeb.csproj", "{262ED80B-B01C-422C-AC35-257B374C29D2}"
EndProject
Project("{FAE04EC0-301F-11D3-BF4B-00C04F79EFBC}") = "VotingData", "VotingData\VotingData.csproj", "{46E39969-1192-4552-A08D-68D0D2A23603}"
EndProject
Global
	GlobalSection(SolutionConfigurationPlatforms) = preSolution
		Debug|Any CPU = Debug|Any CPU
		Debug|x64 = Debug|x64
		Release|Any CPU = Release|Any CPU
		Release|x64 = Release|x64
	EndGlobalSection
	GlobalSection(ProjectConfigurationPlatforms) = postSolution
		{A8AB9913-94B8-4EB2-8681-3947C63E3217}.Debug|Any CPU.ActiveCfg = Debug|x64
		{A8AB9913-94B8-4EB2-8681-3947C63E3217}.Debug|x64.ActiveCfg = Debug|x64
		{A8AB9913-94B8-4EB2-8681-3947C63E3217}.Debug|x64.Build.0 = Debug|x64
		{A8AB9913-94B8-4EB2-8681-3947C63E3217}.Debug|x64.Deploy.0 = Debug|x64
		{A8AB9913-94B8-4EB2-8681-3947C63E3217}.Release|Any CPU.ActiveCfg = Release|x64
		{A8AB9913-94B8-4EB2-8681-3947C63E3217}.Release|x64.ActiveCfg = Release|x64
		{A8AB9913-94B8-4EB2-8681-3947C63E3217}.Release|x64.Build.0 = Release|x64
		{A8AB9913-94B8-4EB2-8681-3947C63E3217}.Release|x64.Deploy.0 = Release|x64
		{262ED80B-B01C-422C-AC35-257B374C29D2}.Debug|Any CPU.ActiveCfg = Debug|Any CPU
		{262ED80B-B01C-422C-AC35-257B374C29D2}.Debug|Any CPU.Build.0 = Debug|Any CPU
		{262ED80B-B01C-422C-AC35-257B374C29D2}.Debug|x64.ActiveCfg = Debug|Any CPU
		{262ED80B-B01C-422C-AC35-257B374C29D2}.Debug|x64.Build.0 = Debug|Any CPU
		{262ED80B-B01C-422C-AC35-257B374C29D2}.Release|Any CPU.ActiveCfg = Release|Any CPU
		{262ED80B-B01C-422C-AC35-257B374C29D2}.Release|Any CPU.Build.0 = Release|Any CPU
		{262ED80B-B01C-422C-AC35-257B374C29D2}.Release|x64.ActiveCfg = Release|Any CPU
		{262ED80B-B01C-422C-AC35-257B374C29D2}.Release|x64.Build.0 = Release|Any CPU
		{46E39969-1192-4552-A08D-68D0D2A23603}.Debug|Any CPU.ActiveCfg = Debug|Any CPU
		{46E39969-1192-4552-A08D-68D0D2A23603}.Debug|Any CPU.Build.0 = Debug|Any CPU
		{46E39969-1192-4552-A08D-68D0D2A23603}.Debug|x64.ActiveCfg = Debug|Any CPU
		{46E39969-1192-4552-A08D-68D0D2A23603}.Debug|x64.Build.0 = Debug|Any CPU
		{46E39969-1192-4552-A08D-68D0D2A23603}.Release|Any CPU.ActiveCfg = Release|Any CPU
		{46E39969-1192-4552-A08D-68D0D2A23603}.Release|Any CPU.Build.0 = Release|Any CPU
		{46E39969-1192-4552-A08D-68D0D2A23603}.Release|x64.ActiveCfg = Release|Any CPU
		{46E39969-1192-4552-A08D-68D0D2A23603}.Release|x64.Build.0 = Release|Any CPU
	EndGlobalSection
	GlobalSection(SolutionProperties) = preSolution
		HideSolutionNode = FALSE
	EndGlobalSection
	GlobalSection(ExtensibilityGlobals) = postSolution
		SolutionGuid = {20E5CF04-E09A-4B3F-8627-4717D1072F7E}
	EndGlobalSection
EndGlobal
