
Microsoft Visual Studio Solution File, Format Version 12.00
# Visual Studio 15
VisualStudioVersion = 15.0.27428.2005
MinimumVisualStudioVersion = 10.0.40219.1
Project("{FAE04EC0-301F-11D3-BF4B-00C04F79EFBC}") = "EntityCRUDCore", "EntityCRUDCore\EntityCRUDCore.csproj", "{BE5B5C7B-85A4-42B0-9735-0F408F69ECA7}"
EndProject
Global
	GlobalSection(SolutionConfigurationPlatforms) = preSolution
		Debug|Any CPU = Debug|Any CPU
		Release|Any CPU = Release|Any CPU
	EndGlobalSection
	GlobalSection(ProjectConfigurationPlatforms) = postSolution
		{BE5B5C7B-85A4-42B0-9735-0F408F69ECA7}.Debug|Any CPU.ActiveCfg = Debug|Any CPU
		{BE5B5C7B-85A4-42B0-9735-0F408F69ECA7}.Debug|Any CPU.Build.0 = Debug|Any CPU
		{BE5B5C7B-85A4-42B0-9735-0F408F69ECA7}.Release|Any CPU.ActiveCfg = Release|Any CPU
		{BE5B5C7B-85A4-42B0-9735-0F408F69ECA7}.Release|Any CPU.Build.0 = Release|Any CPU
	EndGlobalSection
	GlobalSection(SolutionProperties) = preSolution
		HideSolutionNode = FALSE
	EndGlobalSection
	GlobalSection(ExtensibilityGlobals) = postSolution
		SolutionGuid = {D07F778D-1837-4477-9CC2-1DFF4248D024}
	EndGlobalSection
EndGlobal
